
Microsoft Visual Studio Solution File, Format Version 12.00
# Visual Studio Version 17
VisualStudioVersion = 17.14.36623.8 d17.14
MinimumVisualStudioVersion = 10.0.40219.1
Project("{FAE04EC0-301F-11D3-BF4B-00C04F79EFBC}") = "Shopping.Client", "Shopping.Client\Shopping.Client.csproj", "{0C2A144C-B517-42B9-97FD-8CD7BFAA6AFA}"
EndProject
Global
	GlobalSection(SolutionConfigurationPlatforms) = preSolution
		Debug|Any CPU = Debug|Any CPU
		Release|Any CPU = Release|Any CPU
	EndGlobalSection
	GlobalSection(ProjectConfigurationPlatforms) = postSolution
		{0C2A144C-B517-42B9-97FD-8CD7BFAA6AFA}.Debug|Any CPU.ActiveCfg = Debug|Any CPU
		{0C2A144C-B517-42B9-97FD-8CD7BFAA6AFA}.Debug|Any CPU.Build.0 = Debug|Any CPU
		{0C2A144C-B517-42B9-97FD-8CD7BFAA6AFA}.Release|Any CPU.ActiveCfg = Release|Any CPU
		{0C2A144C-B517-42B9-97FD-8CD7BFAA6AFA}.Release|Any CPU.Build.0 = Release|Any CPU
	EndGlobalSection
	GlobalSection(SolutionProperties) = preSolution
		HideSolutionNode = FALSE
	EndGlobalSection
	GlobalSection(ExtensibilityGlobals) = postSolution
		SolutionGuid = {5072763A-2845-44DE-A6F7-B66E20E66316}
	EndGlobalSection
EndGlobal
